
Microsoft Visual Studio Solution File, Format Version 12.00
# Visual Studio Version 17
VisualStudioVersion = 17.9.34728.123
MinimumVisualStudioVersion = 10.0.40219.1
Project("{9A19103F-16F7-4668-BE54-9A1E7A4F7556}") = "DevFreela.API", "DevFreela.API\DevFreela.API.csproj", "{C7BBEACF-8990-4836-B134-012E0CC987D8}"
EndProject
Project("{9A19103F-16F7-4668-BE54-9A1E7A4F7556}") = "DevFreela.Core", "DevFreela.Core\DevFreela.Core.csproj", "{0175ECA6-7920-441F-B4B3-9465D76EF04B}"
EndProject
Project("{9A19103F-16F7-4668-BE54-9A1E7A4F7556}") = "DevFreela.Infrastructure", "DevFreela.Infrastructure\DevFreela.Infrastructure.csproj", "{15796893-C28C-4333-A130-AD228F836E8E}"
EndProject
Project("{9A19103F-16F7-4668-BE54-9A1E7A4F7556}") = "DevFreela.Application", "DevFreela.Application\DevFreela.Application.csproj", "{794CECB1-D02E-4E9B-9A4B-CBBF7BEA83A3}"
EndProject
Project("{9A19103F-16F7-4668-BE54-9A1E7A4F7556}") = "DevFreela.UnitTests", "DevFreela.UnitTests\DevFreela.UnitTests.csproj", "{FB44C584-42F9-4F32-AE0D-0B1C8FA65089}"
EndProject
Project("{2150E333-8FDC-42A3-9474-1A3956D46DE8}") = "0 - Test", "0 - Test", "{C356FA4B-8126-4AE4-BD90-863BD35D554D}"
EndProject
Project("{2150E333-8FDC-42A3-9474-1A3956D46DE8}") = "1 - Core", "1 - Core", "{C9C6AA4D-2370-4CCA-A0B5-B4E17BE0E705}"
EndProject
Project("{2150E333-8FDC-42A3-9474-1A3956D46DE8}") = "2 - Infrastructure", "2 - Infrastructure", "{37302842-0CFF-4463-A73F-93E8B3D2D63F}"
EndProject
Project("{2150E333-8FDC-42A3-9474-1A3956D46DE8}") = "3 - Presentation", "3 - Presentation", "{0E2DFECC-2FF4-4EFB-AC27-B4732C7110E5}"
EndProject
Global
	GlobalSection(SolutionConfigurationPlatforms) = preSolution
		Debug|Any CPU = Debug|Any CPU
		Release|Any CPU = Release|Any CPU
	EndGlobalSection
	GlobalSection(ProjectConfigurationPlatforms) = postSolution
		{C7BBEACF-8990-4836-B134-012E0CC987D8}.Debug|Any CPU.ActiveCfg = Debug|Any CPU
		{C7BBEACF-8990-4836-B134-012E0CC987D8}.Debug|Any CPU.Build.0 = Debug|Any CPU
		{C7BBEACF-8990-4836-B134-012E0CC987D8}.Release|Any CPU.ActiveCfg = Release|Any CPU
		{C7BBEACF-8990-4836-B134-012E0CC987D8}.Release|Any CPU.Build.0 = Release|Any CPU
		{0175ECA6-7920-441F-B4B3-9465D76EF04B}.Debug|Any CPU.ActiveCfg = Debug|Any CPU
		{0175ECA6-7920-441F-B4B3-9465D76EF04B}.Debug|Any CPU.Build.0 = Debug|Any CPU
		{0175ECA6-7920-441F-B4B3-9465D76EF04B}.Release|Any CPU.ActiveCfg = Release|Any CPU
		{0175ECA6-7920-441F-B4B3-9465D76EF04B}.Release|Any CPU.Build.0 = Release|Any CPU
		{15796893-C28C-4333-A130-AD228F836E8E}.Debug|Any CPU.ActiveCfg = Debug|Any CPU
		{15796893-C28C-4333-A130-AD228F836E8E}.Debug|Any CPU.Build.0 = Debug|Any CPU
		{15796893-C28C-4333-A130-AD228F836E8E}.Release|Any CPU.ActiveCfg = Release|Any CPU
		{15796893-C28C-4333-A130-AD228F836E8E}.Release|Any CPU.Build.0 = Release|Any CPU
		{794CECB1-D02E-4E9B-9A4B-CBBF7BEA83A3}.Debug|Any CPU.ActiveCfg = Debug|Any CPU
		{794CECB1-D02E-4E9B-9A4B-CBBF7BEA83A3}.Debug|Any CPU.Build.0 = Debug|Any CPU
		{794CECB1-D02E-4E9B-9A4B-CBBF7BEA83A3}.Release|Any CPU.ActiveCfg = Release|Any CPU
		{794CECB1-D02E-4E9B-9A4B-CBBF7BEA83A3}.Release|Any CPU.Build.0 = Release|Any CPU
		{FB44C584-42F9-4F32-AE0D-0B1C8FA65089}.Debug|Any CPU.ActiveCfg = Debug|Any CPU
		{FB44C584-42F9-4F32-AE0D-0B1C8FA65089}.Debug|Any CPU.Build.0 = Debug|Any CPU
		{FB44C584-42F9-4F32-AE0D-0B1C8FA65089}.Release|Any CPU.ActiveCfg = Release|Any CPU
		{FB44C584-42F9-4F32-AE0D-0B1C8FA65089}.Release|Any CPU.Build.0 = Release|Any CPU
	EndGlobalSection
	GlobalSection(SolutionProperties) = preSolution
		HideSolutionNode = FALSE
	EndGlobalSection
	GlobalSection(NestedProjects) = preSolution
		{C7BBEACF-8990-4836-B134-012E0CC987D8} = {0E2DFECC-2FF4-4EFB-AC27-B4732C7110E5}
		{0175ECA6-7920-441F-B4B3-9465D76EF04B} = {C9C6AA4D-2370-4CCA-A0B5-B4E17BE0E705}
		{15796893-C28C-4333-A130-AD228F836E8E} = {37302842-0CFF-4463-A73F-93E8B3D2D63F}
		{794CECB1-D02E-4E9B-9A4B-CBBF7BEA83A3} = {C9C6AA4D-2370-4CCA-A0B5-B4E17BE0E705}
		{FB44C584-42F9-4F32-AE0D-0B1C8FA65089} = {C356FA4B-8126-4AE4-BD90-863BD35D554D}
	EndGlobalSection
	GlobalSection(ExtensibilityGlobals) = postSolution
		SolutionGuid = {21E94064-7ACC-4415-A5DA-683EA67F58A6}
	EndGlobalSection
EndGlobal
